
Microsoft Visual Studio Solution File, Format Version 12.00
# Visual Studio Version 17
VisualStudioVersion = 17.11.35312.102
MinimumVisualStudioVersion = 10.0.40219.1
Project("{FAE04EC0-301F-11D3-BF4B-00C04F79EFBC}") = "RUAP_console_app", "RUAP_console_app\RUAP_console_app.csproj", "{B1518CAC-496F-4B0E-B15F-0C7663D2EA0E}"
EndProject
Global
	GlobalSection(SolutionConfigurationPlatforms) = preSolution
		Debug|Any CPU = Debug|Any CPU
		Release|Any CPU = Release|Any CPU
	EndGlobalSection
	GlobalSection(ProjectConfigurationPlatforms) = postSolution
		{B1518CAC-496F-4B0E-B15F-0C7663D2EA0E}.Debug|Any CPU.ActiveCfg = Debug|Any CPU
		{B1518CAC-496F-4B0E-B15F-0C7663D2EA0E}.Debug|Any CPU.Build.0 = Debug|Any CPU
		{B1518CAC-496F-4B0E-B15F-0C7663D2EA0E}.Release|Any CPU.ActiveCfg = Release|Any CPU
		{B1518CAC-496F-4B0E-B15F-0C7663D2EA0E}.Release|Any CPU.Build.0 = Release|Any CPU
	EndGlobalSection
	GlobalSection(SolutionProperties) = preSolution
		HideSolutionNode = FALSE
	EndGlobalSection
	GlobalSection(ExtensibilityGlobals) = postSolution
		SolutionGuid = {E208DEB4-FE56-46C8-9604-615A13561D5B}
	EndGlobalSection
EndGlobal
